
Microsoft Visual Studio Solution File, Format Version 12.00
# Visual Studio Version 17
VisualStudioVersion = 17.0.32014.148
MinimumVisualStudioVersion = 10.0.40219.1
Project("{FAE04EC0-301F-11D3-BF4B-00C04F79EFBC}") = "CacheEducation", "CacheEducation\CacheEducation.csproj", "{61AFC25B-C2EE-431D-ADE8-4C7CCEAC1B7B}"
EndProject
Global
	GlobalSection(SolutionConfigurationPlatforms) = preSolution
		Debug|Any CPU = Debug|Any CPU
		Release|Any CPU = Release|Any CPU
	EndGlobalSection
	GlobalSection(ProjectConfigurationPlatforms) = postSolution
		{61AFC25B-C2EE-431D-ADE8-4C7CCEAC1B7B}.Debug|Any CPU.ActiveCfg = Debug|Any CPU
		{61AFC25B-C2EE-431D-ADE8-4C7CCEAC1B7B}.Debug|Any CPU.Build.0 = Debug|Any CPU
		{61AFC25B-C2EE-431D-ADE8-4C7CCEAC1B7B}.Release|Any CPU.ActiveCfg = Release|Any CPU
		{61AFC25B-C2EE-431D-ADE8-4C7CCEAC1B7B}.Release|Any CPU.Build.0 = Release|Any CPU
	EndGlobalSection
	GlobalSection(SolutionProperties) = preSolution
		HideSolutionNode = FALSE
	EndGlobalSection
	GlobalSection(ExtensibilityGlobals) = postSolution
		SolutionGuid = {E236B499-FA00-4387-8697-D6E69F2CB5F1}
	EndGlobalSection
EndGlobal
